
Microsoft Visual Studio Solution File, Format Version 12.00
# Visual Studio Version 17
VisualStudioVersion = 17.9.34728.123
MinimumVisualStudioVersion = 10.0.40219.1
Project("{8BC9CEB8-8B4A-11D0-8D11-00A0C91BC942}") = "KrigingApp", "KrigingApp\KrigingApp.vcxproj", "{7B18008C-F26D-447F-925A-F4127CD13956}"
EndProject
Project("{8BC9CEB8-8B4A-11D0-8D11-00A0C91BC942}") = "Tests", "Tests\Tests.vcxproj", "{2E174B9A-4267-4D5D-A831-2A9A5EA1D341}"
EndProject
Project("{8BC9CEB8-8B4A-11D0-8D11-00A0C91BC942}") = "KrigingLib", "KrigingLib\KrigingLib.vcxproj", "{FCCFEFD7-76B9-49EE-9018-3072E76CA8DF}"
EndProject
Global
	GlobalSection(SolutionConfigurationPlatforms) = preSolution
		Debug|Any CPU = Debug|Any CPU
		Debug|x64 = Debug|x64
		Debug|x86 = Debug|x86
		Release|Any CPU = Release|Any CPU
		Release|x64 = Release|x64
		Release|x86 = Release|x86
	EndGlobalSection
	GlobalSection(ProjectConfigurationPlatforms) = postSolution
		{7B18008C-F26D-447F-925A-F4127CD13956}.Debug|Any CPU.ActiveCfg = Debug|x64
		{7B18008C-F26D-447F-925A-F4127CD13956}.Debug|Any CPU.Build.0 = Debug|x64
		{7B18008C-F26D-447F-925A-F4127CD13956}.Debug|x64.ActiveCfg = Debug|x64
		{7B18008C-F26D-447F-925A-F4127CD13956}.Debug|x64.Build.0 = Debug|x64
		{7B18008C-F26D-447F-925A-F4127CD13956}.Debug|x86.ActiveCfg = Debug|Win32
		{7B18008C-F26D-447F-925A-F4127CD13956}.Debug|x86.Build.0 = Debug|Win32
		{7B18008C-F26D-447F-925A-F4127CD13956}.Release|Any CPU.ActiveCfg = Release|x64
		{7B18008C-F26D-447F-925A-F4127CD13956}.Release|Any CPU.Build.0 = Release|x64
		{7B18008C-F26D-447F-925A-F4127CD13956}.Release|x64.ActiveCfg = Release|x64
		{7B18008C-F26D-447F-925A-F4127CD13956}.Release|x64.Build.0 = Release|x64
		{7B18008C-F26D-447F-925A-F4127CD13956}.Release|x86.ActiveCfg = Release|Win32
		{7B18008C-F26D-447F-925A-F4127CD13956}.Release|x86.Build.0 = Release|Win32
		{2E174B9A-4267-4D5D-A831-2A9A5EA1D341}.Debug|Any CPU.ActiveCfg = Debug|x64
		{2E174B9A-4267-4D5D-A831-2A9A5EA1D341}.Debug|Any CPU.Build.0 = Debug|x64
		{2E174B9A-4267-4D5D-A831-2A9A5EA1D341}.Debug|x64.ActiveCfg = Debug|x64
		{2E174B9A-4267-4D5D-A831-2A9A5EA1D341}.Debug|x64.Build.0 = Debug|x64
		{2E174B9A-4267-4D5D-A831-2A9A5EA1D341}.Debug|x86.ActiveCfg = Debug|Win32
		{2E174B9A-4267-4D5D-A831-2A9A5EA1D341}.Debug|x86.Build.0 = Debug|Win32
		{2E174B9A-4267-4D5D-A831-2A9A5EA1D341}.Release|Any CPU.ActiveCfg = Release|x64
		{2E174B9A-4267-4D5D-A831-2A9A5EA1D341}.Release|Any CPU.Build.0 = Release|x64
		{2E174B9A-4267-4D5D-A831-2A9A5EA1D341}.Release|x64.ActiveCfg = Release|x64
		{2E174B9A-4267-4D5D-A831-2A9A5EA1D341}.Release|x64.Build.0 = Release|x64
		{2E174B9A-4267-4D5D-A831-2A9A5EA1D341}.Release|x86.ActiveCfg = Release|Win32
		{2E174B9A-4267-4D5D-A831-2A9A5EA1D341}.Release|x86.Build.0 = Release|Win32
		{FCCFEFD7-76B9-49EE-9018-3072E76CA8DF}.Debug|Any CPU.ActiveCfg = Debug|x64
		{FCCFEFD7-76B9-49EE-9018-3072E76CA8DF}.Debug|Any CPU.Build.0 = Debug|x64
		{FCCFEFD7-76B9-49EE-9018-3072E76CA8DF}.Debug|x64.ActiveCfg = Debug|x64
		{FCCFEFD7-76B9-49EE-9018-3072E76CA8DF}.Debug|x64.Build.0 = Debug|x64
		{FCCFEFD7-76B9-49EE-9018-3072E76CA8DF}.Debug|x86.ActiveCfg = Debug|Win32
		{FCCFEFD7-76B9-49EE-9018-3072E76CA8DF}.Debug|x86.Build.0 = Debug|Win32
		{FCCFEFD7-76B9-49EE-9018-3072E76CA8DF}.Release|Any CPU.ActiveCfg = Release|x64
		{FCCFEFD7-76B9-49EE-9018-3072E76CA8DF}.Release|Any CPU.Build.0 = Release|x64
		{FCCFEFD7-76B9-49EE-9018-3072E76CA8DF}.Release|x64.ActiveCfg = Release|x64
		{FCCFEFD7-76B9-49EE-9018-3072E76CA8DF}.Release|x64.Build.0 = Release|x64
		{FCCFEFD7-76B9-49EE-9018-3072E76CA8DF}.Release|x86.ActiveCfg = Release|Win32
		{FCCFEFD7-76B9-49EE-9018-3072E76CA8DF}.Release|x86.Build.0 = Release|Win32
	EndGlobalSection
	GlobalSection(SolutionProperties) = preSolution
		HideSolutionNode = FALSE
	EndGlobalSection
	GlobalSection(ExtensibilityGlobals) = postSolution
		SolutionGuid = {4110C4A9-1712-4CDB-99DE-E2E7ED1DAD4F}
	EndGlobalSection
EndGlobal
